{
  "version": 4,
  "terraform_version": "1.4.0",
  "serial": 69,
  "lineage": "8150b05c-2c0b-cb1a-f231-2dc38ce47772",
  "outputs": {
    "public_ip_address": {
      "value": "20.51.181.62",
      "type": "string"
    },
    "text_analytics_endpoint": {
      "value": "https://eastus.api.cognitive.microsoft.com/",
      "type": "string",
      "sensitive": true
    },
    "text_analytics_key1": {
      "value": "9bf3f79ee7744416ad5ba3719d1428d3",
      "type": "string",
      "sensitive": true
    }
  },
  "resources": [
    {
      "mode": "managed",
      "type": "azurerm_cognitive_account",
      "name": "cog_text_analytics",
      "provider": "provider[\"registry.terraform.io/hashicorp/azurerm\"]",
      "instances": [
        {
          "schema_version": 0,
          "attributes": {
            "custom_subdomain_name": "",
            "endpoint": "https://eastus.api.cognitive.microsoft.com/",
            "fqdns": [],
            "id": "/subscriptions/dba3b5be-59a2-4bf7-9dce-7f36eee0fbce/resourceGroups/cc2-resource-group/providers/Microsoft.CognitiveServices/accounts/cc2-cog-text-analytics",
            "identity": [],
            "kind": "CognitiveServices",
            "local_auth_enabled": true,
            "location": "eastus",
            "metrics_advisor_aad_client_id": "",
            "metrics_advisor_aad_tenant_id": "",
            "metrics_advisor_super_user_name": "",
            "metrics_advisor_website_name": "",
            "name": "cc2-cog-text-analytics",
            "network_acls": [],
            "outbound_network_access_restrited": false,
            "primary_access_key": "9bf3f79ee7744416ad5ba3719d1428d3",
            "public_network_access_enabled": true,
            "qna_runtime_endpoint": "",
            "resource_group_name": "cc2-resource-group",
            "secondary_access_key": "65c1cc82839e495a8a747c14c8277493",
            "sku_name": "S0",
            "storage": [],
            "tags": {},
            "timeouts": null
          },
          "sensitive_attributes": [],
          "private": "eyJlMmJmYjczMC1lY2FhLTExZTYtOGY4OC0zNDM2M2JjN2M0YzAiOnsiY3JlYXRlIjoxODAwMDAwMDAwMDAwLCJkZWxldGUiOjE4MDAwMDAwMDAwMDAsInJlYWQiOjMwMDAwMDAwMDAwMCwidXBkYXRlIjoxODAwMDAwMDAwMDAwfX0=",
          "dependencies": [
            "azurerm_resource_group.cc2_rg"
          ]
        }
      ]
    },
    {
      "mode": "managed",
      "type": "azurerm_linux_virtual_machine",
      "name": "cc2_vm",
      "provider": "provider[\"registry.terraform.io/hashicorp/azurerm\"]",
      "instances": [
        {
          "schema_version": 0,
          "attributes": {
            "additional_capabilities": [],
            "admin_password": "P@ssw0rd123!",
            "admin_ssh_key": [
              {
                "public_key": "ssh-rsa AAAAB3NzaC1yc2EAAAADAQABAAABgQC+CtmKTBwyTiZs538hKHPpndiiN255IzSO20i2coxjRS3RqG8jFJeC2RQwYa4LdT2ZnHvhV+iH+uYHFg8Ys4SmL+wC5ndFQZLumEwmkrunW001+rq4s3p6QjkaatPzMAdsgn7AgyQ6Z3cwOcGSXKSF6YYwTSqlmifthvzcLMr9mvIdYhv9GJR+jAcpb7zf3ZZfftDktCUS437OTyk9PhpATb4C5xAGzPS+XY2DluEG1vjCxFrMEv0Fhe6Q0aNG3z6A7RqEFCAKQ37FVbbzntYuFEG0HXFlBTMUYWk3ymllOLje/xwnE+pRddt0/ieYf/ejbb73YbaaG0TDrUfzy0xG4n9puNkl5iMfP8xHkR43cYF6gffmNlwp6zlpWgdbUvk+QtraM2cbP4LETJVvFE+vC24jwpjvpwDTMkiYAX7lT5g9PMRx8gOAA9bjpFM5oDj3yLjfXzRTToP2kfEUp8uxYuw2uPJRA9KMtmKATsgqWL2iQLxxa9HpUPQBlsPu/ls= amtmann@Erde.local\n",
                "username": "azureuser"
              }
            ],
            "admin_username": "azureuser",
            "allow_extension_operations": true,
            "availability_set_id": "",
            "boot_diagnostics": [],
            "computer_name": "cc2-virtual-machine",
            "custom_data": null,
            "dedicated_host_group_id": "",
            "dedicated_host_id": "",
            "disable_password_authentication": true,
            "encryption_at_host_enabled": false,
            "eviction_policy": "",
            "extensions_time_budget": "PT1H30M",
            "id": "/subscriptions/dba3b5be-59a2-4bf7-9dce-7f36eee0fbce/resourceGroups/cc2-resource-group/providers/Microsoft.Compute/virtualMachines/cc2-virtual-machine",
            "identity": [],
            "license_type": "",
            "location": "eastus",
            "max_bid_price": -1,
            "name": "cc2-virtual-machine",
            "network_interface_ids": [
              "/subscriptions/dba3b5be-59a2-4bf7-9dce-7f36eee0fbce/resourceGroups/cc2-resource-group/providers/Microsoft.Network/networkInterfaces/cc2-network-interface"
            ],
            "os_disk": [
              {
                "caching": "ReadWrite",
                "diff_disk_settings": [],
                "disk_encryption_set_id": "",
                "disk_size_gb": 30,
                "name": "cc2-virtual-machine_OsDisk_1_e6982515e2a84821937cae39872047ff",
                "storage_account_type": "Standard_LRS",
                "write_accelerator_enabled": false
              }
            ],
            "patch_mode": "ImageDefault",
            "plan": [],
            "platform_fault_domain": -1,
            "priority": "Regular",
            "private_ip_address": "10.0.1.4",
            "private_ip_addresses": [
              "10.0.1.4"
            ],
            "provision_vm_agent": true,
            "proximity_placement_group_id": "",
            "public_ip_address": "20.51.181.62",
            "public_ip_addresses": [
              "20.51.181.62"
            ],
            "resource_group_name": "cc2-resource-group",
            "secret": [],
            "secure_boot_enabled": false,
            "size": "Standard_F2s_v2",
            "source_image_id": "",
            "source_image_reference": [
              {
                "offer": "0001-com-ubuntu-server-jammy",
                "publisher": "Canonical",
                "sku": "22_04-lts-gen2",
                "version": "latest"
              }
            ],
            "tags": {
              "environment": "testing"
            },
            "timeouts": null,
            "user_data": "",
            "virtual_machine_id": "79cf08e8-42a5-448c-b249-9f8f6e862bd9",
            "virtual_machine_scale_set_id": "",
            "vtpm_enabled": false,
            "zone": ""
          },
          "sensitive_attributes": [],
          "private": "eyJlMmJmYjczMC1lY2FhLTExZTYtOGY4OC0zNDM2M2JjN2M0YzAiOnsiY3JlYXRlIjoyNzAwMDAwMDAwMDAwLCJkZWxldGUiOjI3MDAwMDAwMDAwMDAsInJlYWQiOjMwMDAwMDAwMDAwMCwidXBkYXRlIjoyNzAwMDAwMDAwMDAwfX0=",
          "dependencies": [
            "azurerm_network_interface.cc2_nic",
            "azurerm_public_ip.cc2_public_ip",
            "azurerm_resource_group.cc2_rg",
            "azurerm_subnet.cc2_subnet",
            "azurerm_virtual_network.cc2_vnet"
          ]
        }
      ]
    },
    {
      "mode": "managed",
      "type": "azurerm_network_interface",
      "name": "cc2_nic",
      "provider": "provider[\"registry.terraform.io/hashicorp/azurerm\"]",
      "instances": [
        {
          "schema_version": 0,
          "attributes": {
            "applied_dns_servers": [],
            "dns_servers": [],
            "enable_accelerated_networking": false,
            "enable_ip_forwarding": false,
            "id": "/subscriptions/dba3b5be-59a2-4bf7-9dce-7f36eee0fbce/resourceGroups/cc2-resource-group/providers/Microsoft.Network/networkInterfaces/cc2-network-interface",
            "internal_dns_name_label": "",
            "internal_domain_name_suffix": "o0genptvbn0evnlbleoisbspcf.bx.internal.cloudapp.net",
            "ip_configuration": [
              {
                "gateway_load_balancer_frontend_ip_configuration_id": "",
                "name": "cc2-ip-config",
                "primary": true,
                "private_ip_address": "10.0.1.4",
                "private_ip_address_allocation": "Static",
                "private_ip_address_version": "IPv4",
                "public_ip_address_id": "/subscriptions/dba3b5be-59a2-4bf7-9dce-7f36eee0fbce/resourceGroups/cc2-resource-group/providers/Microsoft.Network/publicIPAddresses/cc2-public-ip",
                "subnet_id": "/subscriptions/dba3b5be-59a2-4bf7-9dce-7f36eee0fbce/resourceGroups/cc2-resource-group/providers/Microsoft.Network/virtualNetworks/cc2-virtual-network/subnets/cc2-subnet"
              }
            ],
            "location": "eastus",
            "mac_address": "00-22-48-33-C6-ED",
            "name": "cc2-network-interface",
            "private_ip_address": "10.0.1.4",
            "private_ip_addresses": [
              "10.0.1.4"
            ],
            "resource_group_name": "cc2-resource-group",
            "tags": {},
            "timeouts": null,
            "virtual_machine_id": "/subscriptions/dba3b5be-59a2-4bf7-9dce-7f36eee0fbce/resourceGroups/cc2-resource-group/providers/Microsoft.Compute/virtualMachines/cc2-virtual-machine"
          },
          "sensitive_attributes": [],
          "private": "eyJlMmJmYjczMC1lY2FhLTExZTYtOGY4OC0zNDM2M2JjN2M0YzAiOnsiY3JlYXRlIjoxODAwMDAwMDAwMDAwLCJkZWxldGUiOjE4MDAwMDAwMDAwMDAsInJlYWQiOjMwMDAwMDAwMDAwMCwidXBkYXRlIjoxODAwMDAwMDAwMDAwfX0=",
          "dependencies": [
            "azurerm_public_ip.cc2_public_ip",
            "azurerm_resource_group.cc2_rg",
            "azurerm_subnet.cc2_subnet",
            "azurerm_virtual_network.cc2_vnet"
          ]
        }
      ]
    },
    {
      "mode": "managed",
      "type": "azurerm_network_interface_security_group_association",
      "name": "cc2_nic_nsg_association",
      "provider": "provider[\"registry.terraform.io/hashicorp/azurerm\"]",
      "instances": [
        {
          "schema_version": 0,
          "attributes": {
            "id": "/subscriptions/dba3b5be-59a2-4bf7-9dce-7f36eee0fbce/resourceGroups/cc2-resource-group/providers/Microsoft.Network/networkInterfaces/cc2-network-interface|/subscriptions/dba3b5be-59a2-4bf7-9dce-7f36eee0fbce/resourceGroups/cc2-resource-group/providers/Microsoft.Network/networkSecurityGroups/cc2-nsg",
            "network_interface_id": "/subscriptions/dba3b5be-59a2-4bf7-9dce-7f36eee0fbce/resourceGroups/cc2-resource-group/providers/Microsoft.Network/networkInterfaces/cc2-network-interface",
            "network_security_group_id": "/subscriptions/dba3b5be-59a2-4bf7-9dce-7f36eee0fbce/resourceGroups/cc2-resource-group/providers/Microsoft.Network/networkSecurityGroups/cc2-nsg",
            "timeouts": null
          },
          "sensitive_attributes": [],
          "private": "eyJlMmJmYjczMC1lY2FhLTExZTYtOGY4OC0zNDM2M2JjN2M0YzAiOnsiY3JlYXRlIjoxODAwMDAwMDAwMDAwLCJkZWxldGUiOjE4MDAwMDAwMDAwMDAsInJlYWQiOjMwMDAwMDAwMDAwMCwidXBkYXRlIjoxODAwMDAwMDAwMDAwfX0=",
          "dependencies": [
            "azurerm_network_interface.cc2_nic",
            "azurerm_network_security_group.cc2_nsg",
            "azurerm_public_ip.cc2_public_ip",
            "azurerm_resource_group.cc2_rg",
            "azurerm_subnet.cc2_subnet",
            "azurerm_virtual_network.cc2_vnet"
          ]
        }
      ]
    },
    {
      "mode": "managed",
      "type": "azurerm_network_security_group",
      "name": "cc2_nsg",
      "provider": "provider[\"registry.terraform.io/hashicorp/azurerm\"]",
      "instances": [
        {
          "schema_version": 0,
          "attributes": {
            "id": "/subscriptions/dba3b5be-59a2-4bf7-9dce-7f36eee0fbce/resourceGroups/cc2-resource-group/providers/Microsoft.Network/networkSecurityGroups/cc2-nsg",
            "location": "eastus",
            "name": "cc2-nsg",
            "resource_group_name": "cc2-resource-group",
            "security_rule": [
              {
                "access": "Allow",
                "description": "",
                "destination_address_prefix": "*",
                "destination_address_prefixes": [],
                "destination_application_security_group_ids": [],
                "destination_port_range": "22",
                "destination_port_ranges": [],
                "direction": "Inbound",
                "name": "cc2-allow-ssh",
                "priority": 120,
                "protocol": "Tcp",
                "source_address_prefix": "*",
                "source_address_prefixes": [],
                "source_application_security_group_ids": [],
                "source_port_range": "*",
                "source_port_ranges": []
              },
              {
                "access": "Allow",
                "description": "",
                "destination_address_prefix": "*",
                "destination_address_prefixes": [],
                "destination_application_security_group_ids": [],
                "destination_port_range": "443",
                "destination_port_ranges": [],
                "direction": "Inbound",
                "name": "cc2-allow-https",
                "priority": 110,
                "protocol": "Tcp",
                "source_address_prefix": "*",
                "source_address_prefixes": [],
                "source_application_security_group_ids": [],
                "source_port_range": "*",
                "source_port_ranges": []
              },
              {
                "access": "Allow",
                "description": "",
                "destination_address_prefix": "*",
                "destination_address_prefixes": [],
                "destination_application_security_group_ids": [],
                "destination_port_range": "80",
                "destination_port_ranges": [],
                "direction": "Inbound",
                "name": "cc2-allow-http",
                "priority": 100,
                "protocol": "Tcp",
                "source_address_prefix": "*",
                "source_address_prefixes": [],
                "source_application_security_group_ids": [],
                "source_port_range": "*",
                "source_port_ranges": []
              }
            ],
            "tags": {},
            "timeouts": null
          },
          "sensitive_attributes": [],
          "private": "eyJlMmJmYjczMC1lY2FhLTExZTYtOGY4OC0zNDM2M2JjN2M0YzAiOnsiY3JlYXRlIjoxODAwMDAwMDAwMDAwLCJkZWxldGUiOjE4MDAwMDAwMDAwMDAsInJlYWQiOjMwMDAwMDAwMDAwMCwidXBkYXRlIjoxODAwMDAwMDAwMDAwfX0=",
          "dependencies": [
            "azurerm_resource_group.cc2_rg"
          ]
        }
      ]
    },
    {
      "mode": "managed",
      "type": "azurerm_network_security_rule",
      "name": "cc2_allow_http",
      "provider": "provider[\"registry.terraform.io/hashicorp/azurerm\"]",
      "instances": [
        {
          "schema_version": 0,
          "attributes": {
            "access": "Allow",
            "description": "",
            "destination_address_prefix": "*",
            "destination_address_prefixes": [],
            "destination_application_security_group_ids": [],
            "destination_port_range": "80",
            "destination_port_ranges": [],
            "direction": "Inbound",
            "id": "/subscriptions/dba3b5be-59a2-4bf7-9dce-7f36eee0fbce/resourceGroups/cc2-resource-group/providers/Microsoft.Network/networkSecurityGroups/cc2-nsg/securityRules/cc2-allow-http",
            "name": "cc2-allow-http",
            "network_security_group_name": "cc2-nsg",
            "priority": 100,
            "protocol": "Tcp",
            "resource_group_name": "cc2-resource-group",
            "source_address_prefix": "94.16.106.239",
            "source_address_prefixes": [],
            "source_application_security_group_ids": [],
            "source_port_range": "*",
            "source_port_ranges": [],
            "timeouts": null
          },
          "sensitive_attributes": [],
          "private": "eyJlMmJmYjczMC1lY2FhLTExZTYtOGY4OC0zNDM2M2JjN2M0YzAiOnsiY3JlYXRlIjoxODAwMDAwMDAwMDAwLCJkZWxldGUiOjE4MDAwMDAwMDAwMDAsInJlYWQiOjMwMDAwMDAwMDAwMCwidXBkYXRlIjoxODAwMDAwMDAwMDAwfX0=",
          "dependencies": [
            "azurerm_network_security_group.cc2_nsg",
            "azurerm_resource_group.cc2_rg"
          ]
        }
      ]
    },
    {
      "mode": "managed",
      "type": "azurerm_network_security_rule",
      "name": "cc2_allow_https",
      "provider": "provider[\"registry.terraform.io/hashicorp/azurerm\"]",
      "instances": [
        {
          "schema_version": 0,
          "attributes": {
            "access": "Allow",
            "description": "",
            "destination_address_prefix": "*",
            "destination_address_prefixes": [],
            "destination_application_security_group_ids": [],
            "destination_port_range": "443",
            "destination_port_ranges": [],
            "direction": "Inbound",
            "id": "/subscriptions/dba3b5be-59a2-4bf7-9dce-7f36eee0fbce/resourceGroups/cc2-resource-group/providers/Microsoft.Network/networkSecurityGroups/cc2-nsg/securityRules/cc2-allow-https",
            "name": "cc2-allow-https",
            "network_security_group_name": "cc2-nsg",
            "priority": 110,
            "protocol": "Tcp",
            "resource_group_name": "cc2-resource-group",
            "source_address_prefix": "94.16.106.239",
            "source_address_prefixes": [],
            "source_application_security_group_ids": [],
            "source_port_range": "*",
            "source_port_ranges": [],
            "timeouts": null
          },
          "sensitive_attributes": [],
          "private": "eyJlMmJmYjczMC1lY2FhLTExZTYtOGY4OC0zNDM2M2JjN2M0YzAiOnsiY3JlYXRlIjoxODAwMDAwMDAwMDAwLCJkZWxldGUiOjE4MDAwMDAwMDAwMDAsInJlYWQiOjMwMDAwMDAwMDAwMCwidXBkYXRlIjoxODAwMDAwMDAwMDAwfX0=",
          "dependencies": [
            "azurerm_network_security_group.cc2_nsg",
            "azurerm_resource_group.cc2_rg"
          ]
        }
      ]
    },
    {
      "mode": "managed",
      "type": "azurerm_network_security_rule",
      "name": "cc2_allow_ssh",
      "provider": "provider[\"registry.terraform.io/hashicorp/azurerm\"]",
      "instances": [
        {
          "schema_version": 0,
          "attributes": {
            "access": "Allow",
            "description": "",
            "destination_address_prefix": "*",
            "destination_address_prefixes": [],
            "destination_application_security_group_ids": [],
            "destination_port_range": "22",
            "destination_port_ranges": [],
            "direction": "Inbound",
            "id": "/subscriptions/dba3b5be-59a2-4bf7-9dce-7f36eee0fbce/resourceGroups/cc2-resource-group/providers/Microsoft.Network/networkSecurityGroups/cc2-nsg/securityRules/cc2-allow-ssh",
            "name": "cc2-allow-ssh",
            "network_security_group_name": "cc2-nsg",
            "priority": 120,
            "protocol": "Tcp",
            "resource_group_name": "cc2-resource-group",
            "source_address_prefix": "94.16.106.239",
            "source_address_prefixes": [],
            "source_application_security_group_ids": [],
            "source_port_range": "*",
            "source_port_ranges": [],
            "timeouts": null
          },
          "sensitive_attributes": [],
          "private": "eyJlMmJmYjczMC1lY2FhLTExZTYtOGY4OC0zNDM2M2JjN2M0YzAiOnsiY3JlYXRlIjoxODAwMDAwMDAwMDAwLCJkZWxldGUiOjE4MDAwMDAwMDAwMDAsInJlYWQiOjMwMDAwMDAwMDAwMCwidXBkYXRlIjoxODAwMDAwMDAwMDAwfX0=",
          "dependencies": [
            "azurerm_network_security_group.cc2_nsg",
            "azurerm_resource_group.cc2_rg"
          ]
        }
      ]
    },
    {
      "mode": "managed",
      "type": "azurerm_public_ip",
      "name": "cc2_public_ip",
      "provider": "provider[\"registry.terraform.io/hashicorp/azurerm\"]",
      "instances": [
        {
          "schema_version": 0,
          "attributes": {
            "allocation_method": "Static",
            "availability_zone": "No-Zone",
            "domain_name_label": null,
            "fqdn": null,
            "id": "/subscriptions/dba3b5be-59a2-4bf7-9dce-7f36eee0fbce/resourceGroups/cc2-resource-group/providers/Microsoft.Network/publicIPAddresses/cc2-public-ip",
            "idle_timeout_in_minutes": 4,
            "ip_address": "20.51.181.62",
            "ip_tags": {},
            "ip_version": "IPv4",
            "location": "eastus",
            "name": "cc2-public-ip",
            "public_ip_prefix_id": null,
            "resource_group_name": "cc2-resource-group",
            "reverse_fqdn": null,
            "sku": "Basic",
            "sku_tier": "Regional",
            "tags": {},
            "timeouts": null,
            "zones": []
          },
          "sensitive_attributes": [],
          "private": "eyJlMmJmYjczMC1lY2FhLTExZTYtOGY4OC0zNDM2M2JjN2M0YzAiOnsiY3JlYXRlIjoxODAwMDAwMDAwMDAwLCJkZWxldGUiOjE4MDAwMDAwMDAwMDAsInJlYWQiOjMwMDAwMDAwMDAwMCwidXBkYXRlIjoxODAwMDAwMDAwMDAwfX0=",
          "dependencies": [
            "azurerm_resource_group.cc2_rg"
          ]
        }
      ]
    },
    {
      "mode": "managed",
      "type": "azurerm_resource_group",
      "name": "cc2_rg",
      "provider": "provider[\"registry.terraform.io/hashicorp/azurerm\"]",
      "instances": [
        {
          "schema_version": 0,
          "attributes": {
            "id": "/subscriptions/dba3b5be-59a2-4bf7-9dce-7f36eee0fbce/resourceGroups/cc2-resource-group",
            "location": "eastus",
            "name": "cc2-resource-group",
            "tags": {},
            "timeouts": null
          },
          "sensitive_attributes": [],
          "private": "eyJlMmJmYjczMC1lY2FhLTExZTYtOGY4OC0zNDM2M2JjN2M0YzAiOnsiY3JlYXRlIjo1NDAwMDAwMDAwMDAwLCJkZWxldGUiOjU0MDAwMDAwMDAwMDAsInJlYWQiOjMwMDAwMDAwMDAwMCwidXBkYXRlIjo1NDAwMDAwMDAwMDAwfX0="
        }
      ]
    },
    {
      "mode": "managed",
      "type": "azurerm_subnet",
      "name": "cc2_subnet",
      "provider": "provider[\"registry.terraform.io/hashicorp/azurerm\"]",
      "instances": [
        {
          "schema_version": 0,
          "attributes": {
            "address_prefix": "10.0.1.0/24",
            "address_prefixes": [
              "10.0.1.0/24"
            ],
            "delegation": [],
            "enforce_private_link_endpoint_network_policies": false,
            "enforce_private_link_service_network_policies": false,
            "id": "/subscriptions/dba3b5be-59a2-4bf7-9dce-7f36eee0fbce/resourceGroups/cc2-resource-group/providers/Microsoft.Network/virtualNetworks/cc2-virtual-network/subnets/cc2-subnet",
            "name": "cc2-subnet",
            "resource_group_name": "cc2-resource-group",
            "service_endpoint_policy_ids": [],
            "service_endpoints": [],
            "timeouts": null,
            "virtual_network_name": "cc2-virtual-network"
          },
          "sensitive_attributes": [],
          "private": "eyJlMmJmYjczMC1lY2FhLTExZTYtOGY4OC0zNDM2M2JjN2M0YzAiOnsiY3JlYXRlIjoxODAwMDAwMDAwMDAwLCJkZWxldGUiOjE4MDAwMDAwMDAwMDAsInJlYWQiOjMwMDAwMDAwMDAwMCwidXBkYXRlIjoxODAwMDAwMDAwMDAwfX0=",
          "dependencies": [
            "azurerm_resource_group.cc2_rg",
            "azurerm_virtual_network.cc2_vnet"
          ]
        }
      ]
    },
    {
      "mode": "managed",
      "type": "azurerm_virtual_network",
      "name": "cc2_vnet",
      "provider": "provider[\"registry.terraform.io/hashicorp/azurerm\"]",
      "instances": [
        {
          "schema_version": 0,
          "attributes": {
            "address_space": [
              "10.0.0.0/16"
            ],
            "bgp_community": "",
            "ddos_protection_plan": [],
            "dns_servers": [],
            "flow_timeout_in_minutes": 0,
            "guid": "be468c76-0b75-4a74-b561-591c89064f15",
            "id": "/subscriptions/dba3b5be-59a2-4bf7-9dce-7f36eee0fbce/resourceGroups/cc2-resource-group/providers/Microsoft.Network/virtualNetworks/cc2-virtual-network",
            "location": "eastus",
            "name": "cc2-virtual-network",
            "resource_group_name": "cc2-resource-group",
            "subnet": [
              {
                "address_prefix": "10.0.1.0/24",
                "id": "/subscriptions/dba3b5be-59a2-4bf7-9dce-7f36eee0fbce/resourceGroups/cc2-resource-group/providers/Microsoft.Network/virtualNetworks/cc2-virtual-network/subnets/cc2-subnet",
                "name": "cc2-subnet",
                "security_group": ""
              }
            ],
            "tags": {},
            "timeouts": null,
            "vm_protection_enabled": false
          },
          "sensitive_attributes": [],
          "private": "eyJlMmJmYjczMC1lY2FhLTExZTYtOGY4OC0zNDM2M2JjN2M0YzAiOnsiY3JlYXRlIjoxODAwMDAwMDAwMDAwLCJkZWxldGUiOjE4MDAwMDAwMDAwMDAsInJlYWQiOjMwMDAwMDAwMDAwMCwidXBkYXRlIjoxODAwMDAwMDAwMDAwfX0=",
          "dependencies": [
            "azurerm_resource_group.cc2_rg"
          ]
        }
      ]
    }
  ],
  "check_results": null
}
